
Microsoft Visual Studio Solution File, Format Version 12.00
# Visual Studio Version 17
VisualStudioVersion = 17.3.32519.111
MinimumVisualStudioVersion = 10.0.40219.1
Project("{9A19103F-16F7-4668-BE54-9A1E7A4F7556}") = "WpfApp1", "WpfApp1\WpfApp1.csproj", "{35062E62-74B3-4EBE-B601-D4AE3D201271}"
EndProject
Project("{9A19103F-16F7-4668-BE54-9A1E7A4F7556}") = "Mvvm", "Mvvm\Mvvm.csproj", "{E773FD1E-AEFC-4A7A-8C43-FB6C27E3F416}"
EndProject
Project("{9A19103F-16F7-4668-BE54-9A1E7A4F7556}") = "ChatServer", "ChatServer\ChatServer.csproj", "{CA5A37E3-36E2-49E1-ACF9-DF839741A87F}"
EndProject
Project("{9A19103F-16F7-4668-BE54-9A1E7A4F7556}") = "Chat.Models", "Chat.Models\Chat.Models.csproj", "{01B0ADF0-E659-4B03-807E-FF2CF5B9EE22}"
EndProject
Project("{9A19103F-16F7-4668-BE54-9A1E7A4F7556}") = "ConsoleApp1", "ConsoleApp1\ConsoleApp1.csproj", "{704DF38C-D09B-42A9-8BB3-935133AD6F2D}"
EndProject
Project("{2150E333-8FDC-42A3-9474-1A3956D46DE8}") = "Solution Items", "Solution Items", "{30003295-8632-4209-B527-FA66C6F8D802}"
	ProjectSection(SolutionItems) = preProject
		.editorconfig = .editorconfig
	EndProjectSection
EndProject
Global
	GlobalSection(SolutionConfigurationPlatforms) = preSolution
		Debug|Any CPU = Debug|Any CPU
		Release|Any CPU = Release|Any CPU
	EndGlobalSection
	GlobalSection(ProjectConfigurationPlatforms) = postSolution
		{35062E62-74B3-4EBE-B601-D4AE3D201271}.Debug|Any CPU.ActiveCfg = Debug|Any CPU
		{35062E62-74B3-4EBE-B601-D4AE3D201271}.Debug|Any CPU.Build.0 = Debug|Any CPU
		{35062E62-74B3-4EBE-B601-D4AE3D201271}.Release|Any CPU.ActiveCfg = Release|Any CPU
		{35062E62-74B3-4EBE-B601-D4AE3D201271}.Release|Any CPU.Build.0 = Release|Any CPU
		{E773FD1E-AEFC-4A7A-8C43-FB6C27E3F416}.Debug|Any CPU.ActiveCfg = Debug|Any CPU
		{E773FD1E-AEFC-4A7A-8C43-FB6C27E3F416}.Debug|Any CPU.Build.0 = Debug|Any CPU
		{E773FD1E-AEFC-4A7A-8C43-FB6C27E3F416}.Release|Any CPU.ActiveCfg = Release|Any CPU
		{E773FD1E-AEFC-4A7A-8C43-FB6C27E3F416}.Release|Any CPU.Build.0 = Release|Any CPU
		{CA5A37E3-36E2-49E1-ACF9-DF839741A87F}.Debug|Any CPU.ActiveCfg = Debug|Any CPU
		{CA5A37E3-36E2-49E1-ACF9-DF839741A87F}.Debug|Any CPU.Build.0 = Debug|Any CPU
		{CA5A37E3-36E2-49E1-ACF9-DF839741A87F}.Release|Any CPU.ActiveCfg = Release|Any CPU
		{CA5A37E3-36E2-49E1-ACF9-DF839741A87F}.Release|Any CPU.Build.0 = Release|Any CPU
		{01B0ADF0-E659-4B03-807E-FF2CF5B9EE22}.Debug|Any CPU.ActiveCfg = Debug|Any CPU
		{01B0ADF0-E659-4B03-807E-FF2CF5B9EE22}.Debug|Any CPU.Build.0 = Debug|Any CPU
		{01B0ADF0-E659-4B03-807E-FF2CF5B9EE22}.Release|Any CPU.ActiveCfg = Release|Any CPU
		{01B0ADF0-E659-4B03-807E-FF2CF5B9EE22}.Release|Any CPU.Build.0 = Release|Any CPU
		{704DF38C-D09B-42A9-8BB3-935133AD6F2D}.Debug|Any CPU.ActiveCfg = Debug|Any CPU
		{704DF38C-D09B-42A9-8BB3-935133AD6F2D}.Debug|Any CPU.Build.0 = Debug|Any CPU
		{704DF38C-D09B-42A9-8BB3-935133AD6F2D}.Release|Any CPU.ActiveCfg = Release|Any CPU
		{704DF38C-D09B-42A9-8BB3-935133AD6F2D}.Release|Any CPU.Build.0 = Release|Any CPU
	EndGlobalSection
	GlobalSection(SolutionProperties) = preSolution
		HideSolutionNode = FALSE
	EndGlobalSection
	GlobalSection(ExtensibilityGlobals) = postSolution
		SolutionGuid = {80C36670-27A3-4618-AA60-0EB93FE5435A}
	EndGlobalSection
EndGlobal
